
Microsoft Visual Studio Solution File, Format Version 12.00
# Visual Studio Version 16
VisualStudioVersion = 16.0.29609.76
MinimumVisualStudioVersion = 10.0.40219.1
Project("{FAE04EC0-301F-11D3-BF4B-00C04F79EFBC}") = "ConsoleApp_AutoMapper", "ConsoleApp_AutoMapper\ConsoleApp_AutoMapper.csproj", "{E6D1B34C-7BD1-4059-8B02-FCBAD7EF01E2}"
EndProject
Global
	GlobalSection(SolutionConfigurationPlatforms) = preSolution
		Debug|Any CPU = Debug|Any CPU
		Release|Any CPU = Release|Any CPU
	EndGlobalSection
	GlobalSection(ProjectConfigurationPlatforms) = postSolution
		{E6D1B34C-7BD1-4059-8B02-FCBAD7EF01E2}.Debug|Any CPU.ActiveCfg = Debug|Any CPU
		{E6D1B34C-7BD1-4059-8B02-FCBAD7EF01E2}.Debug|Any CPU.Build.0 = Debug|Any CPU
		{E6D1B34C-7BD1-4059-8B02-FCBAD7EF01E2}.Release|Any CPU.ActiveCfg = Release|Any CPU
		{E6D1B34C-7BD1-4059-8B02-FCBAD7EF01E2}.Release|Any CPU.Build.0 = Release|Any CPU
	EndGlobalSection
	GlobalSection(SolutionProperties) = preSolution
		HideSolutionNode = FALSE
	EndGlobalSection
	GlobalSection(ExtensibilityGlobals) = postSolution
		SolutionGuid = {573FA104-8AA8-44DA-990C-BD59F30B6565}
	EndGlobalSection
EndGlobal
